<?xml version="1.0" encoding="UTF-8" standalone="yes" ?>
<CodeBlocks_project_file>
	<FileVersion major="1" minor="6" />
	<Project>
		<Option title="ICT283" />
		<Option pch_mode="2" />
		<Option compiler="gcc" />
		<Build>
			<Target title="Debug">
				<Option output="bin/Debug/ICT283" prefix_auto="1" extension_auto="1" />
				<Option object_output="obj/Debug/" />
				<Option type="1" />
				<Option compiler="gcc" />
				<Compiler>
					<Add option="-g" />
				</Compiler>
			</Target>
			<Target title="Release">
				<Option output="bin/Release/ICT283" prefix_auto="1" extension_auto="1" />
				<Option object_output="obj/Release/" />
				<Option type="1" />
				<Option compiler="gcc" />
				<Compiler>
					<Add option="-O2" />
				</Compiler>
				<Linker>
					<Add option="-s" />
				</Linker>
			</Target>
		</Build>
		<Compiler>
			<Add option="-Wall" />
			<Add option="-fexceptions" />
		</Compiler>
		<UnitsGlob directory="data" wildcard="" recursive="0" id="1373286543" addToProject="1" />
		<UnitsGlob directory="src" wildcard="" recursive="0" id="2178398971" addToProject="1">
			<Option target="Debug" />
			<Option target="Release" />
		</UnitsGlob>
		<UnitsGlob directory="test" wildcard="" recursive="0" id="2585997903" addToProject="1">
			<Option target="Debug" />
		</UnitsGlob>
		<Unit filename="src/Date.cpp">
			<Option glob="2178398971" />
		</Unit>
		<Unit filename="src/Date.h">
			<Option glob="2178398971" />
		</Unit>
		<Unit filename="src/Registration.cpp">
			<Option glob="2178398971" />
		</Unit>
		<Unit filename="src/Registration.h">
			<Option glob="2178398971" />
		</Unit>
		<Unit filename="src/Result.cpp">
			<Option glob="2178398971" />
		</Unit>
		<Unit filename="src/Result.h">
			<Option glob="2178398971" />
		</Unit>
		<Unit filename="src/Unit.cpp">
			<Option glob="2178398971" />
		</Unit>
		<Unit filename="src/Unit.h">
			<Option glob="2178398971" />
		</Unit>
		<Unit filename="src/main.cpp">
			<Option glob="2178398971" />
		</Unit>
		<Unit filename="test/DateTest.cpp">
			<Option compile="0" />
			<Option link="0" />
			<Option glob="2585997903" />
			<Option target="Debug" />
		</Unit>
		<Unit filename="test/RegistrationTest.cpp">
			<Option compile="0" />
			<Option link="0" />
			<Option glob="2585997903" />
			<Option target="Debug" />
		</Unit>
		<Unit filename="test/ResultTest.cpp">
			<Option compile="0" />
			<Option link="0" />
			<Option glob="2585997903" />
			<Option target="Debug" />
		</Unit>
		<Unit filename="test/UnitTest.cpp">
			<Option compile="0" />
			<Option link="0" />
			<Option glob="2585997903" />
			<Option target="Debug" />
		</Unit>
		<Extensions>
			<lib_finder disable_auto="1" />
		</Extensions>
	</Project>
</CodeBlocks_project_file>
